
Microsoft Visual Studio Solution File, Format Version 12.00
# Visual Studio Version 16
VisualStudioVersion = 16.0.29403.142
MinimumVisualStudioVersion = 10.0.40219.1
Project("{FAE04EC0-301F-11D3-BF4B-00C04F79EFBC}") = "ContosoUniversity", "ContosoUniversity\ContosoUniversity.csproj", "{94DBD986-9BDC-429C-9506-3353D56F505B}"
EndProject
Global
	GlobalSection(SolutionConfigurationPlatforms) = preSolution
		Debug|Any CPU = Debug|Any CPU
		Release|Any CPU = Release|Any CPU
	EndGlobalSection
	GlobalSection(ProjectConfigurationPlatforms) = postSolution
		{94DBD986-9BDC-429C-9506-3353D56F505B}.Debug|Any CPU.ActiveCfg = Debug|Any CPU
		{94DBD986-9BDC-429C-9506-3353D56F505B}.Debug|Any CPU.Build.0 = Debug|Any CPU
		{94DBD986-9BDC-429C-9506-3353D56F505B}.Release|Any CPU.ActiveCfg = Release|Any CPU
		{94DBD986-9BDC-429C-9506-3353D56F505B}.Release|Any CPU.Build.0 = Release|Any CPU
	EndGlobalSection
	GlobalSection(SolutionProperties) = preSolution
		HideSolutionNode = FALSE
	EndGlobalSection
	GlobalSection(ExtensibilityGlobals) = postSolution
		SolutionGuid = {ABD4A531-C20E-4505-9CC5-29A289093E72}
	EndGlobalSection
EndGlobal
